
Microsoft Visual Studio Solution File, Format Version 12.00
# Visual Studio Version 16
VisualStudioVersion = 16.0.29613.14
MinimumVisualStudioVersion = 10.0.40219.1
Project("{9A19103F-16F7-4668-BE54-9A1E7A4F7556}") = "AppTemplate.Web", "AppTemplate.Web\AppTemplate.Web.csproj", "{18657C9E-A4E4-4B86-BE24-8A618B390887}"
EndProject
Project("{9A19103F-16F7-4668-BE54-9A1E7A4F7556}") = "AppTemplate.Users", "Users\AppTemplate.Users\AppTemplate.Users.csproj", "{A463E345-70AF-4C50-AFC3-A559B1A639CD}"
EndProject
Project("{9A19103F-16F7-4668-BE54-9A1E7A4F7556}") = "AppTemplate.Users.Tests", "Users\AppTemplate.Users.Tests\AppTemplate.Users.Tests.csproj", "{F5FC2151-4195-4183-A260-D26CEE663A5C}"
EndProject
Project("{9A19103F-16F7-4668-BE54-9A1E7A4F7556}") = "AppTemplate.Database", "AppTemplate.Database\AppTemplate.Database.csproj", "{6D90823A-8CBD-4A0C-8EAF-F323C9F06126}"
EndProject
Project("{9A19103F-16F7-4668-BE54-9A1E7A4F7556}") = "AppTemplate.Database.Migrations", "AppTemplate.Database.Migrations\AppTemplate.Database.Migrations.csproj", "{06D85F55-8B3E-4393-AC59-10286D5FE00F}"
EndProject
Project("{9A19103F-16F7-4668-BE54-9A1E7A4F7556}") = "AppTemplate.InterationTesting", "AppTemplate.InterationTesting\AppTemplate.InterationTesting.csproj", "{C21C189C-B7BE-4C6C-8553-C35378468099}"
EndProject
Project("{2150E333-8FDC-42A3-9474-1A3956D46DE8}") = "Users", "Users", "{F887ED71-3C86-482B-B573-9A9528407DE9}"
EndProject
Project("{9A19103F-16F7-4668-BE54-9A1E7A4F7556}") = "AppTemplate.Users.TestServices", "Users\AppTemplate.Users.TestServices\AppTemplate.Users.TestServices.csproj", "{3B10B8BA-40CA-40A4-8645-DFE57F37DD09}"
EndProject
Project("{2150E333-8FDC-42A3-9474-1A3956D46DE8}") = "Solution Items", "Solution Items", "{74B445C8-1FD4-4686-BD24-9ACC896C5598}"
	ProjectSection(SolutionItems) = preProject
		.editorconfig = .editorconfig
		README.md = README.md
	EndProjectSection
EndProject
Project("{9A19103F-16F7-4668-BE54-9A1E7A4F7556}") = "AppTemplate.Users.Database", "AppTemplate.Users\AppTemplate.Users.Database\AppTemplate.Users.Database.csproj", "{CDAD0F51-06ED-4DA6-9A66-8708A186C1A4}"
EndProject
Project("{2150E333-8FDC-42A3-9474-1A3956D46DE8}") = "Core", "Core", "{13E458B8-798C-4CC5-AC7D-CC1B277B03B4}"
EndProject
Project("{9A19103F-16F7-4668-BE54-9A1E7A4F7556}") = "Core.Web", "Core\Core.Web\Core.Web.csproj", "{E3098AF2-8ECA-426A-B60F-11B32CCED078}"
EndProject
Project("{9A19103F-16F7-4668-BE54-9A1E7A4F7556}") = "Core.Tests", "Core\Core.Tests\Core.Tests.csproj", "{84B777C7-196B-47C0-8DCD-31EF5C0725BC}"
EndProject
Project("{FAE04EC0-301F-11D3-BF4B-00C04F79EFBC}") = "Core.Database", "Core\Core.Database\Core.Database.csproj", "{88DAB5E7-3F75-4F88-8B3B-A6BB67C27637}"
EndProject
Global
	GlobalSection(SolutionConfigurationPlatforms) = preSolution
		Debug|Any CPU = Debug|Any CPU
		Release|Any CPU = Release|Any CPU
	EndGlobalSection
	GlobalSection(ProjectConfigurationPlatforms) = postSolution
		{18657C9E-A4E4-4B86-BE24-8A618B390887}.Debug|Any CPU.ActiveCfg = Debug|Any CPU
		{18657C9E-A4E4-4B86-BE24-8A618B390887}.Debug|Any CPU.Build.0 = Debug|Any CPU
		{18657C9E-A4E4-4B86-BE24-8A618B390887}.Release|Any CPU.ActiveCfg = Release|Any CPU
		{18657C9E-A4E4-4B86-BE24-8A618B390887}.Release|Any CPU.Build.0 = Release|Any CPU
		{A463E345-70AF-4C50-AFC3-A559B1A639CD}.Debug|Any CPU.ActiveCfg = Debug|Any CPU
		{A463E345-70AF-4C50-AFC3-A559B1A639CD}.Debug|Any CPU.Build.0 = Debug|Any CPU
		{A463E345-70AF-4C50-AFC3-A559B1A639CD}.Release|Any CPU.ActiveCfg = Release|Any CPU
		{A463E345-70AF-4C50-AFC3-A559B1A639CD}.Release|Any CPU.Build.0 = Release|Any CPU
		{F5FC2151-4195-4183-A260-D26CEE663A5C}.Debug|Any CPU.ActiveCfg = Debug|Any CPU
		{F5FC2151-4195-4183-A260-D26CEE663A5C}.Debug|Any CPU.Build.0 = Debug|Any CPU
		{F5FC2151-4195-4183-A260-D26CEE663A5C}.Release|Any CPU.ActiveCfg = Release|Any CPU
		{F5FC2151-4195-4183-A260-D26CEE663A5C}.Release|Any CPU.Build.0 = Release|Any CPU
		{6D90823A-8CBD-4A0C-8EAF-F323C9F06126}.Debug|Any CPU.ActiveCfg = Debug|Any CPU
		{6D90823A-8CBD-4A0C-8EAF-F323C9F06126}.Debug|Any CPU.Build.0 = Debug|Any CPU
		{6D90823A-8CBD-4A0C-8EAF-F323C9F06126}.Release|Any CPU.ActiveCfg = Release|Any CPU
		{6D90823A-8CBD-4A0C-8EAF-F323C9F06126}.Release|Any CPU.Build.0 = Release|Any CPU
		{06D85F55-8B3E-4393-AC59-10286D5FE00F}.Debug|Any CPU.ActiveCfg = Debug|Any CPU
		{06D85F55-8B3E-4393-AC59-10286D5FE00F}.Debug|Any CPU.Build.0 = Debug|Any CPU
		{06D85F55-8B3E-4393-AC59-10286D5FE00F}.Release|Any CPU.ActiveCfg = Release|Any CPU
		{06D85F55-8B3E-4393-AC59-10286D5FE00F}.Release|Any CPU.Build.0 = Release|Any CPU
		{C21C189C-B7BE-4C6C-8553-C35378468099}.Debug|Any CPU.ActiveCfg = Debug|Any CPU
		{C21C189C-B7BE-4C6C-8553-C35378468099}.Debug|Any CPU.Build.0 = Debug|Any CPU
		{C21C189C-B7BE-4C6C-8553-C35378468099}.Release|Any CPU.ActiveCfg = Release|Any CPU
		{C21C189C-B7BE-4C6C-8553-C35378468099}.Release|Any CPU.Build.0 = Release|Any CPU
		{3B10B8BA-40CA-40A4-8645-DFE57F37DD09}.Debug|Any CPU.ActiveCfg = Debug|Any CPU
		{3B10B8BA-40CA-40A4-8645-DFE57F37DD09}.Debug|Any CPU.Build.0 = Debug|Any CPU
		{3B10B8BA-40CA-40A4-8645-DFE57F37DD09}.Release|Any CPU.ActiveCfg = Release|Any CPU
		{3B10B8BA-40CA-40A4-8645-DFE57F37DD09}.Release|Any CPU.Build.0 = Release|Any CPU
		{CDAD0F51-06ED-4DA6-9A66-8708A186C1A4}.Debug|Any CPU.ActiveCfg = Debug|Any CPU
		{CDAD0F51-06ED-4DA6-9A66-8708A186C1A4}.Debug|Any CPU.Build.0 = Debug|Any CPU
		{CDAD0F51-06ED-4DA6-9A66-8708A186C1A4}.Release|Any CPU.ActiveCfg = Release|Any CPU
		{CDAD0F51-06ED-4DA6-9A66-8708A186C1A4}.Release|Any CPU.Build.0 = Release|Any CPU
		{E3098AF2-8ECA-426A-B60F-11B32CCED078}.Debug|Any CPU.ActiveCfg = Debug|Any CPU
		{E3098AF2-8ECA-426A-B60F-11B32CCED078}.Debug|Any CPU.Build.0 = Debug|Any CPU
		{E3098AF2-8ECA-426A-B60F-11B32CCED078}.Release|Any CPU.ActiveCfg = Release|Any CPU
		{E3098AF2-8ECA-426A-B60F-11B32CCED078}.Release|Any CPU.Build.0 = Release|Any CPU
		{84B777C7-196B-47C0-8DCD-31EF5C0725BC}.Debug|Any CPU.ActiveCfg = Debug|Any CPU
		{84B777C7-196B-47C0-8DCD-31EF5C0725BC}.Debug|Any CPU.Build.0 = Debug|Any CPU
		{84B777C7-196B-47C0-8DCD-31EF5C0725BC}.Release|Any CPU.ActiveCfg = Release|Any CPU
		{84B777C7-196B-47C0-8DCD-31EF5C0725BC}.Release|Any CPU.Build.0 = Release|Any CPU
		{88DAB5E7-3F75-4F88-8B3B-A6BB67C27637}.Debug|Any CPU.ActiveCfg = Debug|Any CPU
		{88DAB5E7-3F75-4F88-8B3B-A6BB67C27637}.Debug|Any CPU.Build.0 = Debug|Any CPU
		{88DAB5E7-3F75-4F88-8B3B-A6BB67C27637}.Release|Any CPU.ActiveCfg = Release|Any CPU
		{88DAB5E7-3F75-4F88-8B3B-A6BB67C27637}.Release|Any CPU.Build.0 = Release|Any CPU
	EndGlobalSection
	GlobalSection(SolutionProperties) = preSolution
		HideSolutionNode = FALSE
	EndGlobalSection
	GlobalSection(NestedProjects) = preSolution
		{A463E345-70AF-4C50-AFC3-A559B1A639CD} = {F887ED71-3C86-482B-B573-9A9528407DE9}
		{F5FC2151-4195-4183-A260-D26CEE663A5C} = {F887ED71-3C86-482B-B573-9A9528407DE9}
		{3B10B8BA-40CA-40A4-8645-DFE57F37DD09} = {F887ED71-3C86-482B-B573-9A9528407DE9}
		{CDAD0F51-06ED-4DA6-9A66-8708A186C1A4} = {F887ED71-3C86-482B-B573-9A9528407DE9}
		{E3098AF2-8ECA-426A-B60F-11B32CCED078} = {13E458B8-798C-4CC5-AC7D-CC1B277B03B4}
		{84B777C7-196B-47C0-8DCD-31EF5C0725BC} = {13E458B8-798C-4CC5-AC7D-CC1B277B03B4}
		{88DAB5E7-3F75-4F88-8B3B-A6BB67C27637} = {13E458B8-798C-4CC5-AC7D-CC1B277B03B4}
	EndGlobalSection
	GlobalSection(ExtensibilityGlobals) = postSolution
		SolutionGuid = {4E26253F-C7B3-4BCB-9072-C186A53DB3E2}
	EndGlobalSection
EndGlobal
